
Microsoft Visual Studio Solution File, Format Version 12.00
# Visual Studio Version 17
VisualStudioVersion = 17.5.002.0
MinimumVisualStudioVersion = 10.0.40219.1
Project("{9A19103F-16F7-4668-BE54-9A1E7A4F7556}") = "c# 04", "c# 04.csproj", "{3375864B-7776-432A-AA90-62729BA30626}"
EndProject
Global
	GlobalSection(SolutionConfigurationPlatforms) = preSolution
		Debug|Any CPU = Debug|Any CPU
		Release|Any CPU = Release|Any CPU
	EndGlobalSection
	GlobalSection(ProjectConfigurationPlatforms) = postSolution
		{3375864B-7776-432A-AA90-62729BA30626}.Debug|Any CPU.ActiveCfg = Debug|Any CPU
		{3375864B-7776-432A-AA90-62729BA30626}.Debug|Any CPU.Build.0 = Debug|Any CPU
		{3375864B-7776-432A-AA90-62729BA30626}.Release|Any CPU.ActiveCfg = Release|Any CPU
		{3375864B-7776-432A-AA90-62729BA30626}.Release|Any CPU.Build.0 = Release|Any CPU
	EndGlobalSection
	GlobalSection(SolutionProperties) = preSolution
		HideSolutionNode = FALSE
	EndGlobalSection
	GlobalSection(ExtensibilityGlobals) = postSolution
		SolutionGuid = {B9CF1418-EDCD-4DF6-99CD-9425404D2BFD}
	EndGlobalSection
EndGlobal
